
Microsoft Visual Studio Solution File, Format Version 12.00
# Visual Studio Version 16
VisualStudioVersion = 16.0.29613.14
MinimumVisualStudioVersion = 10.0.40219.1
Project("{FAE04EC0-301F-11D3-BF4B-00C04F79EFBC}") = "ValenceRD", "ValenceRD.csproj", "{8C11FFB1-99FB-4FF6-84AF-0D90CD05CE61}"
EndProject
Global
	GlobalSection(SolutionConfigurationPlatforms) = preSolution
		Debug|Any CPU = Debug|Any CPU
		Release|Any CPU = Release|Any CPU
	EndGlobalSection
	GlobalSection(ProjectConfigurationPlatforms) = postSolution
		{8C11FFB1-99FB-4FF6-84AF-0D90CD05CE61}.Debug|Any CPU.ActiveCfg = Debug|Any CPU
		{8C11FFB1-99FB-4FF6-84AF-0D90CD05CE61}.Debug|Any CPU.Build.0 = Debug|Any CPU
		{8C11FFB1-99FB-4FF6-84AF-0D90CD05CE61}.Release|Any CPU.ActiveCfg = Release|Any CPU
		{8C11FFB1-99FB-4FF6-84AF-0D90CD05CE61}.Release|Any CPU.Build.0 = Release|Any CPU
	EndGlobalSection
	GlobalSection(SolutionProperties) = preSolution
		HideSolutionNode = FALSE
	EndGlobalSection
	GlobalSection(ExtensibilityGlobals) = postSolution
		SolutionGuid = {80C351E5-4E09-4610-B6F1-CDF385694B6D}
	EndGlobalSection
EndGlobal
